
Microsoft Visual Studio Solution File, Format Version 12.00
# Visual Studio Version 16
VisualStudioVersion = 16.0.29020.237
MinimumVisualStudioVersion = 10.0.40219.1
Project("{FAE04EC0-301F-11D3-BF4B-00C04F79EFBC}") = "ArcadeSpace", "ArcadeSpace\ArcadeSpace.csproj", "{75672C87-AA15-4971-B145-29CDF08C4462}"
EndProject
Global
	GlobalSection(SolutionConfigurationPlatforms) = preSolution
		Debug|Any CPU = Debug|Any CPU
		Release|Any CPU = Release|Any CPU
	EndGlobalSection
	GlobalSection(ProjectConfigurationPlatforms) = postSolution
		{75672C87-AA15-4971-B145-29CDF08C4462}.Debug|Any CPU.ActiveCfg = Debug|Any CPU
		{75672C87-AA15-4971-B145-29CDF08C4462}.Debug|Any CPU.Build.0 = Debug|Any CPU
		{75672C87-AA15-4971-B145-29CDF08C4462}.Release|Any CPU.ActiveCfg = Release|Any CPU
		{75672C87-AA15-4971-B145-29CDF08C4462}.Release|Any CPU.Build.0 = Release|Any CPU
	EndGlobalSection
	GlobalSection(SolutionProperties) = preSolution
		HideSolutionNode = FALSE
	EndGlobalSection
	GlobalSection(ExtensibilityGlobals) = postSolution
		SolutionGuid = {4E9684F9-60D8-42C6-AFB1-E132BB0EFBD7}
	EndGlobalSection
EndGlobal
